
Microsoft Visual Studio Solution File, Format Version 12.00
# Visual Studio Version 17
VisualStudioVersion = 17.11.35312.102
MinimumVisualStudioVersion = 10.0.40219.1
Project("{8BC9CEB8-8B4A-11D0-8D11-00A0C91BC942}") = "传递参数", "传递参数\传递参数.vcxproj", "{96241F55-E6E4-463F-8FA2-8FE276AE6F18}"
EndProject
Global
	GlobalSection(SolutionConfigurationPlatforms) = preSolution
		Debug|x64 = Debug|x64
		Debug|x86 = Debug|x86
		Release|x64 = Release|x64
		Release|x86 = Release|x86
	EndGlobalSection
	GlobalSection(ProjectConfigurationPlatforms) = postSolution
		{96241F55-E6E4-463F-8FA2-8FE276AE6F18}.Debug|x64.ActiveCfg = Debug|x64
		{96241F55-E6E4-463F-8FA2-8FE276AE6F18}.Debug|x64.Build.0 = Debug|x64
		{96241F55-E6E4-463F-8FA2-8FE276AE6F18}.Debug|x86.ActiveCfg = Debug|Win32
		{96241F55-E6E4-463F-8FA2-8FE276AE6F18}.Debug|x86.Build.0 = Debug|Win32
		{96241F55-E6E4-463F-8FA2-8FE276AE6F18}.Release|x64.ActiveCfg = Release|x64
		{96241F55-E6E4-463F-8FA2-8FE276AE6F18}.Release|x64.Build.0 = Release|x64
		{96241F55-E6E4-463F-8FA2-8FE276AE6F18}.Release|x86.ActiveCfg = Release|Win32
		{96241F55-E6E4-463F-8FA2-8FE276AE6F18}.Release|x86.Build.0 = Release|Win32
	EndGlobalSection
	GlobalSection(SolutionProperties) = preSolution
		HideSolutionNode = FALSE
	EndGlobalSection
	GlobalSection(ExtensibilityGlobals) = postSolution
		SolutionGuid = {3165702C-6F4C-4121-A007-01E14FC4616B}
	EndGlobalSection
EndGlobal
